
Microsoft Visual Studio Solution File, Format Version 12.00
# Visual Studio Version 16
VisualStudioVersion = 16.0.30406.217
MinimumVisualStudioVersion = 10.0.40219.1
Project("{FAE04EC0-301F-11D3-BF4B-00C04F79EFBC}") = "GroupProject", "GroupProject\GroupProject.csproj", "{915EC321-BC5B-4A57-BAA1-3AA349B6A9F3}"
EndProject
Global
	GlobalSection(SolutionConfigurationPlatforms) = preSolution
		Debug|Any CPU = Debug|Any CPU
		Release|Any CPU = Release|Any CPU
	EndGlobalSection
	GlobalSection(ProjectConfigurationPlatforms) = postSolution
		{915EC321-BC5B-4A57-BAA1-3AA349B6A9F3}.Debug|Any CPU.ActiveCfg = Debug|Any CPU
		{915EC321-BC5B-4A57-BAA1-3AA349B6A9F3}.Debug|Any CPU.Build.0 = Debug|Any CPU
		{915EC321-BC5B-4A57-BAA1-3AA349B6A9F3}.Release|Any CPU.ActiveCfg = Release|Any CPU
		{915EC321-BC5B-4A57-BAA1-3AA349B6A9F3}.Release|Any CPU.Build.0 = Release|Any CPU
	EndGlobalSection
	GlobalSection(SolutionProperties) = preSolution
		HideSolutionNode = FALSE
	EndGlobalSection
	GlobalSection(ExtensibilityGlobals) = postSolution
		SolutionGuid = {B74B6C36-E903-4D99-A7B8-CCA0EAF6292C}
	EndGlobalSection
EndGlobal
